
Microsoft Visual Studio Solution File, Format Version 12.00
# Visual Studio Version 17
VisualStudioVersion = 17.14.36429.23 d17.14
MinimumVisualStudioVersion = 10.0.40219.1
Project("{FAE04EC0-301F-11D3-BF4B-00C04F79EFBC}") = "pryPereiroSP1AutoCor", "pryPereiroSP1AutoCor\pryPereiroSP1AutoCor.csproj", "{EC565BD9-18CD-4E97-8818-B16055EF6D2C}"
EndProject
Global
	GlobalSection(SolutionConfigurationPlatforms) = preSolution
		Debug|Any CPU = Debug|Any CPU
		Release|Any CPU = Release|Any CPU
	EndGlobalSection
	GlobalSection(ProjectConfigurationPlatforms) = postSolution
		{EC565BD9-18CD-4E97-8818-B16055EF6D2C}.Debug|Any CPU.ActiveCfg = Debug|Any CPU
		{EC565BD9-18CD-4E97-8818-B16055EF6D2C}.Debug|Any CPU.Build.0 = Debug|Any CPU
		{EC565BD9-18CD-4E97-8818-B16055EF6D2C}.Release|Any CPU.ActiveCfg = Release|Any CPU
		{EC565BD9-18CD-4E97-8818-B16055EF6D2C}.Release|Any CPU.Build.0 = Release|Any CPU
	EndGlobalSection
	GlobalSection(SolutionProperties) = preSolution
		HideSolutionNode = FALSE
	EndGlobalSection
	GlobalSection(ExtensibilityGlobals) = postSolution
		SolutionGuid = {7DE1D3D0-3B28-418B-8DC7-3F23015F7A71}
	EndGlobalSection
EndGlobal
